// !$*UTF8*$!
{
	archiveVersion = 1;
	classes = {
	};
	objectVersion = 50;
	objects = {

/* Begin PBXBuildFile section */
		B23D33AA22F2684600E772B8 /* AppDelegate.swift in Sources */ = {isa = PBXBuildFile; fileRef = B23D33A922F2684600E772B8 /* AppDelegate.swift */; };
		B23D33AC22F2684600E772B8 /* ViewController.swift in Sources */ = {isa = PBXBuildFile; fileRef = B23D33AB22F2684600E772B8 /* ViewController.swift */; };
		B23D33AF22F2684600E772B8 /* Main.storyboard in Resources */ = {isa = PBXBuildFile; fileRef = B23D33AD22F2684600E772B8 /* Main.storyboard */; };
		B23D33B222F2684600E772B8 /* CodableCoreData.xcdatamodeld in Sources */ = {isa = PBXBuildFile; fileRef = B23D33B022F2684600E772B8 /* CodableCoreData.xcdatamodeld */; };
		B23D33B422F2684700E772B8 /* Assets.xcassets in Resources */ = {isa = PBXBuildFile; fileRef = B23D33B322F2684700E772B8 /* Assets.xcassets */; };
		B23D33B722F2684700E772B8 /* LaunchScreen.storyboard in Resources */ = {isa = PBXBuildFile; fileRef = B23D33B522F2684700E772B8 /* LaunchScreen.storyboard */; };
		B23D33C222F2A86E00E772B8 /* Account+CoreDataClass.swift in Sources */ = {isa = PBXBuildFile; fileRef = B23D33BE22F2A86E00E772B8 /* Account+CoreDataClass.swift */; };
		B23D33C422F2A86E00E772B8 /* Transaction+CoreDataClass.swift in Sources */ = {isa = PBXBuildFile; fileRef = B23D33C022F2A86E00E772B8 /* Transaction+CoreDataClass.swift */; };
		B23D33C722F2A8A900E772B8 /* CoreDataManager.swift in Sources */ = {isa = PBXBuildFile; fileRef = B23D33C622F2A8A900E772B8 /* CoreDataManager.swift */; };
		B23D33C922F2A96B00E772B8 /* Utilities.swift in Sources */ = {isa = PBXBuildFile; fileRef = B23D33C822F2A96B00E772B8 /* Utilities.swift */; };
		B23D33CB22F2AEDA00E772B8 /* AccountViewModel.swift in Sources */ = {isa = PBXBuildFile; fileRef = B23D33CA22F2AEDA00E772B8 /* AccountViewModel.swift */; };
		B23D33CD22F2B17500E772B8 /* TransactionTableViewCell.swift in Sources */ = {isa = PBXBuildFile; fileRef = B23D33CC22F2B17500E772B8 /* TransactionTableViewCell.swift */; };
		B23D33CF22F2B46300E772B8 /* CodableCoreData.json in Resources */ = {isa = PBXBuildFile; fileRef = B23D33CE22F2B46300E772B8 /* CodableCoreData.json */; };
/* End PBXBuildFile section */

/* Begin PBXFileReference section */
		B23D33A622F2684600E772B8 /* CodableCoreData.app */ = {isa = PBXFileReference; explicitFileType = wrapper.application; includeInIndex = 0; path = CodableCoreData.app; sourceTree = BUILT_PRODUCTS_DIR; };
		B23D33A922F2684600E772B8 /* AppDelegate.swift */ = {isa = PBXFileReference; lastKnownFileType = sourcecode.swift; path = AppDelegate.swift; sourceTree = "<group>"; };
		B23D33AB22F2684600E772B8 /* ViewController.swift */ = {isa = PBXFileReference; lastKnownFileType = sourcecode.swift; path = ViewController.swift; sourceTree = "<group>"; };
		B23D33AE22F2684600E772B8 /* Base */ = {isa = PBXFileReference; lastKnownFileType = file.storyboard; name = Base; path = Base.lproj/Main.storyboard; sourceTree = "<group>"; };
		B23D33B122F2684600E772B8 /* CodableCoreData.xcdatamodel */ = {isa = PBXFileReference; lastKnownFileType = wrapper.xcdatamodel; path = CodableCoreData.xcdatamodel; sourceTree = "<group>"; };
		B23D33B322F2684700E772B8 /* Assets.xcassets */ = {isa = PBXFileReference; lastKnownFileType = folder.assetcatalog; path = Assets.xcassets; sourceTree = "<group>"; };
		B23D33B622F2684700E772B8 /* Base */ = {isa = PBXFileReference; lastKnownFileType = file.storyboard; name = Base; path = Base.lproj/LaunchScreen.storyboard; sourceTree = "<group>"; };
		B23D33B822F2684700E772B8 /* Info.plist */ = {isa = PBXFileReference; lastKnownFileType = text.plist.xml; path = Info.plist; sourceTree = "<group>"; };
		B23D33BE22F2A86E00E772B8 /* Account+CoreDataClass.swift */ = {isa = PBXFileReference; lastKnownFileType = sourcecode.swift; path = "Account+CoreDataClass.swift"; sourceTree = "<group>"; };
		B23D33C022F2A86E00E772B8 /* Transaction+CoreDataClass.swift */ = {isa = PBXFileReference; lastKnownFileType = sourcecode.swift; path = "Transaction+CoreDataClass.swift"; sourceTree = "<group>"; };
		B23D33C622F2A8A900E772B8 /* CoreDataManager.swift */ = {isa = PBXFileReference; fileEncoding = 4; lastKnownFileType = sourcecode.swift; path = CoreDataManager.swift; sourceTree = "<group>"; };
		B23D33C822F2A96B00E772B8 /* Utilities.swift */ = {isa = PBXFileReference; fileEncoding = 4; lastKnownFileType = sourcecode.swift; path = Utilities.swift; sourceTree = "<group>"; };
		B23D33CA22F2AEDA00E772B8 /* AccountViewModel.swift */ = {isa = PBXFileReference; fileEncoding = 4; lastKnownFileType = sourcecode.swift; path = AccountViewModel.swift; sourceTree = "<group>"; };
		B23D33CC22F2B17500E772B8 /* TransactionTableViewCell.swift */ = {isa = PBXFileReference; fileEncoding = 4; lastKnownFileType = sourcecode.swift; path = TransactionTableViewCell.swift; sourceTree = "<group>"; };
		B23D33CE22F2B46300E772B8 /* CodableCoreData.json */ = {isa = PBXFileReference; fileEncoding = 4; lastKnownFileType = text.json; path = CodableCoreData.json; sourceTree = "<group>"; };
/* End PBXFileReference section */

/* Begin PBXFrameworksBuildPhase section */
		B23D33A322F2684600E772B8 /* Frameworks */ = {
			isa = PBXFrameworksBuildPhase;
			buildActionMask = 2147483647;
			files = (
			);
			runOnlyForDeploymentPostprocessing = 0;
		};
/* End PBXFrameworksBuildPhase section */

/* Begin PBXGroup section */
		B23C14B722F3BA4A00560EC3 /* Utility */ = {
			isa = PBXGroup;
			children = (
				B23D33C622F2A8A900E772B8 /* CoreDataManager.swift */,
				B23D33C822F2A96B00E772B8 /* Utilities.swift */,
			);
			path = Utility;
			sourceTree = "<group>";
		};
		B23C14B822F3BAAF00560EC3 /* View */ = {
			isa = PBXGroup;
			children = (
				B23D33CC22F2B17500E772B8 /* TransactionTableViewCell.swift */,
			);
			path = View;
			sourceTree = "<group>";
		};
		B23C14B922F3BB1F00560EC3 /* ViewModel */ = {
			isa = PBXGroup;
			children = (
				B23D33CA22F2AEDA00E772B8 /* AccountViewModel.swift */,
			);
			path = ViewModel;
			sourceTree = "<group>";
		};
		B23C14BA22F3BB2F00560EC3 /* ViewController */ = {
			isa = PBXGroup;
			children = (
				B23D33AB22F2684600E772B8 /* ViewController.swift */,
			);
			path = ViewController;
			sourceTree = "<group>";
		};
		B23C14BB22F3BB5000560EC3 /* Resource */ = {
			isa = PBXGroup;
			children = (
				B23D33CE22F2B46300E772B8 /* CodableCoreData.json */,
				B23D33AD22F2684600E772B8 /* Main.storyboard */,
				B23D33B322F2684700E772B8 /* Assets.xcassets */,
				B23D33B522F2684700E772B8 /* LaunchScreen.storyboard */,
				B23D33B022F2684600E772B8 /* CodableCoreData.xcdatamodeld */,
			);
			path = Resource;
			sourceTree = "<group>";
		};
		B23C14BC22F3BB7700560EC3 /* CoreData */ = {
			isa = PBXGroup;
			children = (
				B23D33BE22F2A86E00E772B8 /* Account+CoreDataClass.swift */,
				B23D33C022F2A86E00E772B8 /* Transaction+CoreDataClass.swift */,
			);
			path = CoreData;
			sourceTree = "<group>";
		};
		B23D339D22F2684600E772B8 = {
			isa = PBXGroup;
			children = (
				B23D33A822F2684600E772B8 /* CodableCoreData */,
				B23D33A722F2684600E772B8 /* Products */,
			);
			sourceTree = "<group>";
		};
		B23D33A722F2684600E772B8 /* Products */ = {
			isa = PBXGroup;
			children = (
				B23D33A622F2684600E772B8 /* CodableCoreData.app */,
			);
			name = Products;
			sourceTree = "<group>";
		};
		B23D33A822F2684600E772B8 /* CodableCoreData */ = {
			isa = PBXGroup;
			children = (
				B23D33A922F2684600E772B8 /* AppDelegate.swift */,
				B23C14BA22F3BB2F00560EC3 /* ViewController */,
				B23C14B922F3BB1F00560EC3 /* ViewModel */,
				B23C14B822F3BAAF00560EC3 /* View */,
				B23C14BC22F3BB7700560EC3 /* CoreData */,
				B23C14B722F3BA4A00560EC3 /* Utility */,
				B23C14BB22F3BB5000560EC3 /* Resource */,
				B23D33B822F2684700E772B8 /* Info.plist */,
			);
			path = CodableCoreData;
			sourceTree = "<group>";
		};
/* End PBXGroup section */

/* Begin PBXNativeTarget section */
		B23D33A522F2684600E772B8 /* CodableCoreData */ = {
			isa = PBXNativeTarget;
			buildConfigurationList = B23D33BB22F2684700E772B8 /* Build configuration list for PBXNativeTarget "CodableCoreData" */;
			buildPhases = (
				B23D33A222F2684600E772B8 /* Sources */,
				B23D33A322F2684600E772B8 /* Frameworks */,
				B23D33A422F2684600E772B8 /* Resources */,
			);
			buildRules = (
			);
			dependencies = (
			);
			name = CodableCoreData;
			productName = CodableCoreData;
			productReference = B23D33A622F2684600E772B8 /* CodableCoreData.app */;
			productType = "com.apple.product-type.application";
		};
/* End PBXNativeTarget section */

/* Begin PBXProject section */
		B23D339E22F2684600E772B8 /* Project object */ = {
			isa = PBXProject;
			attributes = {
				LastSwiftUpdateCheck = 1020;
				LastUpgradeCheck = 1020;
				ORGANIZATIONNAME = "Ravi Karnatakam";
				TargetAttributes = {
					B23D33A522F2684600E772B8 = {
						CreatedOnToolsVersion = 10.2.1;
					};
				};
			};
			buildConfigurationList = B23D33A122F2684600E772B8 /* Build configuration list for PBXProject "CodableCoreData" */;
			compatibilityVersion = "Xcode 9.3";
			developmentRegion = en;
			hasScannedForEncodings = 0;
			knownRegions = (
				en,
				Base,
			);
			mainGroup = B23D339D22F2684600E772B8;
			productRefGroup = B23D33A722F2684600E772B8 /* Products */;
			projectDirPath = "";
			projectRoot = "";
			targets = (
				B23D33A522F2684600E772B8 /* CodableCoreData */,
			);
		};
/* End PBXProject section */

/* Begin PBXResourcesBuildPhase section */
		B23D33A422F2684600E772B8 /* Resources */ = {
			isa = PBXResourcesBuildPhase;
			buildActionMask = 2147483647;
			files = (
				B23D33B722F2684700E772B8 /* LaunchScreen.storyboard in Resources */,
				B23D33CF22F2B46300E772B8 /* CodableCoreData.json in Resources */,
				B23D33B422F2684700E772B8 /* Assets.xcassets in Resources */,
				B23D33AF22F2684600E772B8 /* Main.storyboard in Resources */,
			);
			runOnlyForDeploymentPostprocessing = 0;
		};
/* End PBXResourcesBuildPhase section */

/* Begin PBXSourcesBuildPhase section */
		B23D33A222F2684600E772B8 /* Sources */ = {
			isa = PBXSourcesBuildPhase;
			buildActionMask = 2147483647;
			files = (
				B23D33AC22F2684600E772B8 /* ViewController.swift in Sources */,
				B23D33AA22F2684600E772B8 /* AppDelegate.swift in Sources */,
				B23D33CB22F2AEDA00E772B8 /* AccountViewModel.swift in Sources */,
				B23D33B222F2684600E772B8 /* CodableCoreData.xcdatamodeld in Sources */,
				B23D33C422F2A86E00E772B8 /* Transaction+CoreDataClass.swift in Sources */,
				B23D33C922F2A96B00E772B8 /* Utilities.swift in Sources */,
				B23D33CD22F2B17500E772B8 /* TransactionTableViewCell.swift in Sources */,
				B23D33C722F2A8A900E772B8 /* CoreDataManager.swift in Sources */,
				B23D33C222F2A86E00E772B8 /* Account+CoreDataClass.swift in Sources */,
			);
			runOnlyForDeploymentPostprocessing = 0;
		};
/* End PBXSourcesBuildPhase section */

/* Begin PBXVariantGroup section */
		B23D33AD22F2684600E772B8 /* Main.storyboard */ = {
			isa = PBXVariantGroup;
			children = (
				B23D33AE22F2684600E772B8 /* Base */,
			);
			name = Main.storyboard;
			sourceTree = "<group>";
		};
		B23D33B522F2684700E772B8 /* LaunchScreen.storyboard */ = {
			isa = PBXVariantGroup;
			children = (
				B23D33B622F2684700E772B8 /* Base */,
			);
			name = LaunchScreen.storyboard;
			sourceTree = "<group>";
		};
/* End PBXVariantGroup section */

/* Begin XCBuildConfiguration section */
		B23D33B922F2684700E772B8 /* Debug */ = {
			isa = XCBuildConfiguration;
			buildSettings = {
				ALWAYS_SEARCH_USER_PATHS = NO;
				CLANG_ANALYZER_NONNULL = YES;
				CLANG_ANALYZER_NUMBER_OBJECT_CONVERSION = YES_AGGRESSIVE;
				CLANG_CXX_LANGUAGE_STANDARD = "gnu++14";
				CLANG_CXX_LIBRARY = "libc++";
				CLANG_ENABLE_MODULES = YES;
				CLANG_ENABLE_OBJC_ARC = YES;
				CLANG_ENABLE_OBJC_WEAK = YES;
				CLANG_WARN_BLOCK_CAPTURE_AUTORELEASING = YES;
				CLANG_WARN_BOOL_CONVERSION = YES;
				CLANG_WARN_COMMA = YES;
				CLANG_WARN_CONSTANT_CONVERSION = YES;
				CLANG_WARN_DEPRECATED_OBJC_IMPLEMENTATIONS = YES;
				CLANG_WARN_DIRECT_OBJC_ISA_USAGE = YES_ERROR;
				CLANG_WARN_DOCUMENTATION_COMMENTS = YES;
				CLANG_WARN_EMPTY_BODY = YES;
				CLANG_WARN_ENUM_CONVERSION = YES;
				CLANG_WARN_INFINITE_RECURSION = YES;
				CLANG_WARN_INT_CONVERSION = YES;
				CLANG_WARN_NON_LITERAL_NULL_CONVERSION = YES;
				CLANG_WARN_OBJC_IMPLICIT_RETAIN_SELF = YES;
				CLANG_WARN_OBJC_LITERAL_CONVERSION = YES;
				CLANG_WARN_OBJC_ROOT_CLASS = YES_ERROR;
				CLANG_WARN_RANGE_LOOP_ANALYSIS = YES;
				CLANG_WARN_STRICT_PROTOTYPES = YES;
				CLANG_WARN_SUSPICIOUS_MOVE = YES;
				CLANG_WARN_UNGUARDED_AVAILABILITY = YES_AGGRESSIVE;
				CLANG_WARN_UNREACHABLE_CODE = YES;
				CLANG_WARN__DUPLICATE_METHOD_MATCH = YES;
				CODE_SIGN_IDENTITY = "iPhone Developer";
				COPY_PHASE_STRIP = NO;
				DEBUG_INFORMATION_FORMAT = dwarf;
				ENABLE_STRICT_OBJC_MSGSEND = YES;
				ENABLE_TESTABILITY = YES;
				GCC_C_LANGUAGE_STANDARD = gnu11;
				GCC_DYNAMIC_NO_PIC = NO;
				GCC_NO_COMMON_BLOCKS = YES;
				GCC_OPTIMIZATION_LEVEL = 0;
				GCC_PREPROCESSOR_DEFINITIONS = (
					"DEBUG=1",
					"$(inherited)",
				);
				GCC_WARN_64_TO_32_BIT_CONVERSION = YES;
				GCC_WARN_ABOUT_RETURN_TYPE = YES_ERROR;
				GCC_WARN_UNDECLARED_SELECTOR = YES;
				GCC_WARN_UNINITIALIZED_AUTOS = YES_AGGRESSIVE;
				GCC_WARN_UNUSED_FUNCTION = YES;
				GCC_WARN_UNUSED_VARIABLE = YES;
				IPHONEOS_DEPLOYMENT_TARGET = 12.2;
				MTL_ENABLE_DEBUG_INFO = INCLUDE_SOURCE;
				MTL_FAST_MATH = YES;
				ONLY_ACTIVE_ARCH = YES;
				SDKROOT = iphoneos;
				SWIFT_ACTIVE_COMPILATION_CONDITIONS = DEBUG;
				SWIFT_OPTIMIZATION_LEVEL = "-Onone";
			};
			name = Debug;
		};
		B23D33BA22F2684700E772B8 /* Release */ = {
			isa = XCBuildConfiguration;
			buildSettings = {
				ALWAYS_SEARCH_USER_PATHS = NO;
				CLANG_ANALYZER_NONNULL = YES;
				CLANG_ANALYZER_NUMBER_OBJECT_CONVERSION = YES_AGGRESSIVE;
				CLANG_CXX_LANGUAGE_STANDARD = "gnu++14";
				CLANG_CXX_LIBRARY = "libc++";
				CLANG_ENABLE_MODULES = YES;
				CLANG_ENABLE_OBJC_ARC = YES;
				CLANG_ENABLE_OBJC_WEAK = YES;
				CLANG_WARN_BLOCK_CAPTURE_AUTORELEASING = YES;
				CLANG_WARN_BOOL_CONVERSION = YES;
				CLANG_WARN_COMMA = YES;
				CLANG_WARN_CONSTANT_CONVERSION = YES;
				CLANG_WARN_DEPRECATED_OBJC_IMPLEMENTATIONS = YES;
				CLANG_WARN_DIRECT_OBJC_ISA_USAGE = YES_ERROR;
				CLANG_WARN_DOCUMENTATION_COMMENTS = YES;
				CLANG_WARN_EMPTY_BODY = YES;
				CLANG_WARN_ENUM_CONVERSION = YES;
				CLANG_WARN_INFINITE_RECURSION = YES;
				CLANG_WARN_INT_CONVERSION = YES;
				CLANG_WARN_NON_LITERAL_NULL_CONVERSION = YES;
				CLANG_WARN_OBJC_IMPLICIT_RETAIN_SELF = YES;
				CLANG_WARN_OBJC_LITERAL_CONVERSION = YES;
				CLANG_WARN_OBJC_ROOT_CLASS = YES_ERROR;
				CLANG_WARN_RANGE_LOOP_ANALYSIS = YES;
				CLANG_WARN_STRICT_PROTOTYPES = YES;
				CLANG_WARN_SUSPICIOUS_MOVE = YES;
				CLANG_WARN_UNGUARDED_AVAILABILITY = YES_AGGRESSIVE;
				CLANG_WARN_UNREACHABLE_CODE = YES;
				CLANG_WARN__DUPLICATE_METHOD_MATCH = YES;
				CODE_SIGN_IDENTITY = "iPhone Developer";
				COPY_PHASE_STRIP = NO;
				DEBUG_INFORMATION_FORMAT = "dwarf-with-dsym";
				ENABLE_NS_ASSERTIONS = NO;
				ENABLE_STRICT_OBJC_MSGSEND = YES;
				GCC_C_LANGUAGE_STANDARD = gnu11;
				GCC_NO_COMMON_BLOCKS = YES;
				GCC_WARN_64_TO_32_BIT_CONVERSION = YES;
				GCC_WARN_ABOUT_RETURN_TYPE = YES_ERROR;
				GCC_WARN_UNDECLARED_SELECTOR = YES;
				GCC_WARN_UNINITIALIZED_AUTOS = YES_AGGRESSIVE;
				GCC_WARN_UNUSED_FUNCTION = YES;
				GCC_WARN_UNUSED_VARIABLE = YES;
				IPHONEOS_DEPLOYMENT_TARGET = 12.2;
				MTL_ENABLE_DEBUG_INFO = NO;
				MTL_FAST_MATH = YES;
				SDKROOT = iphoneos;
				SWIFT_COMPILATION_MODE = wholemodule;
				SWIFT_OPTIMIZATION_LEVEL = "-O";
				VALIDATE_PRODUCT = YES;
			};
			name = Release;
		};
		B23D33BC22F2684700E772B8 /* Debug */ = {
			isa = XCBuildConfiguration;
			buildSettings = {
				ASSETCATALOG_COMPILER_APPICON_NAME = AppIcon;
				CODE_SIGN_STYLE = Automatic;
				DEVELOPMENT_TEAM = 2HZ6W34H59;
				INFOPLIST_FILE = CodableCoreData/Info.plist;
				LD_RUNPATH_SEARCH_PATHS = (
					"$(inherited)",
					"@executable_path/Frameworks",
				);
				PRODUCT_BUNDLE_IDENTIFIER = com.karnatakam.CodableCoreData;
				PRODUCT_NAME = "$(TARGET_NAME)";
				SWIFT_VERSION = 5.0;
				TARGETED_DEVICE_FAMILY = "1,2";
			};
			name = Debug;
		};
		B23D33BD22F2684700E772B8 /* Release */ = {
			isa = XCBuildConfiguration;
			buildSettings = {
				ASSETCATALOG_COMPILER_APPICON_NAME = AppIcon;
				CODE_SIGN_STYLE = Automatic;
				DEVELOPMENT_TEAM = 2HZ6W34H59;
				INFOPLIST_FILE = CodableCoreData/Info.plist;
				LD_RUNPATH_SEARCH_PATHS = (
					"$(inherited)",
					"@executable_path/Frameworks",
				);
				PRODUCT_BUNDLE_IDENTIFIER = com.karnatakam.CodableCoreData;
				PRODUCT_NAME = "$(TARGET_NAME)";
				SWIFT_VERSION = 5.0;
				TARGETED_DEVICE_FAMILY = "1,2";
			};
			name = Release;
		};
/* End XCBuildConfiguration section */

/* Begin XCConfigurationList section */
		B23D33A122F2684600E772B8 /* Build configuration list for PBXProject "CodableCoreData" */ = {
			isa = XCConfigurationList;
			buildConfigurations = (
				B23D33B922F2684700E772B8 /* Debug */,
				B23D33BA22F2684700E772B8 /* Release */,
			);
			defaultConfigurationIsVisible = 0;
			defaultConfigurationName = Release;
		};
		B23D33BB22F2684700E772B8 /* Build configuration list for PBXNativeTarget "CodableCoreData" */ = {
			isa = XCConfigurationList;
			buildConfigurations = (
				B23D33BC22F2684700E772B8 /* Debug */,
				B23D33BD22F2684700E772B8 /* Release */,
			);
			defaultConfigurationIsVisible = 0;
			defaultConfigurationName = Release;
		};
/* End XCConfigurationList section */

/* Begin XCVersionGroup section */
		B23D33B022F2684600E772B8 /* CodableCoreData.xcdatamodeld */ = {
			isa = XCVersionGroup;
			children = (
				B23D33B122F2684600E772B8 /* CodableCoreData.xcdatamodel */,
			);
			currentVersion = B23D33B122F2684600E772B8 /* CodableCoreData.xcdatamodel */;
			path = CodableCoreData.xcdatamodeld;
			sourceTree = "<group>";
			versionGroupType = wrapper.xcdatamodel;
		};
/* End XCVersionGroup section */
	};
	rootObject = B23D339E22F2684600E772B8 /* Project object */;
}
